// !$*UTF8*$!
{
	archiveVersion = 1;
	classes = {
	};
	objectVersion = 46;
	objects = {

/* Begin PBXBuildFile section */
		A7AAA74C1636998E00B3574D /* Kal.bundle in Resources */ = {isa = PBXBuildFile; fileRef = A7AAA7331636998E00B3574D /* Kal.bundle */; };
		A7AAA74D1636998E00B3574D /* KalDataSource.m in Sources */ = {isa = PBXBuildFile; fileRef = A7AAA7361636998E00B3574D /* KalDataSource.m */; };
		A7AAA74E1636998E00B3574D /* KalDate.m in Sources */ = {isa = PBXBuildFile; fileRef = A7AAA7381636998E00B3574D /* KalDate.m */; };
		A7AAA74F1636998E00B3574D /* KalGridView.m in Sources */ = {isa = PBXBuildFile; fileRef = A7AAA73A1636998E00B3574D /* KalGridView.m */; };
		A7AAA7501636998E00B3574D /* KalLogic.m in Sources */ = {isa = PBXBuildFile; fileRef = A7AAA73C1636998E00B3574D /* KalLogic.m */; };
		A7AAA7511636998E00B3574D /* KalMonthView.m in Sources */ = {isa = PBXBuildFile; fileRef = A7AAA73E1636998E00B3574D /* KalMonthView.m */; };
		A7AAA7521636998E00B3574D /* KalTileView.m in Sources */ = {isa = PBXBuildFile; fileRef = A7AAA7411636998E00B3574D /* KalTileView.m */; };
		A7AAA7531636998E00B3574D /* KalView.m in Sources */ = {isa = PBXBuildFile; fileRef = A7AAA7431636998E00B3574D /* KalView.m */; };
		A7AAA7541636998E00B3574D /* KalViewController.m in Sources */ = {isa = PBXBuildFile; fileRef = A7AAA7451636998E00B3574D /* KalViewController.m */; };
		A7AAA7571636998E00B3574D /* NSDateAdditions.m in Sources */ = {isa = PBXBuildFile; fileRef = A7AAA7491636998E00B3574D /* NSDateAdditions.m */; };
		A7AAA7581636998E00B3574D /* UIViewAdditions.m in Sources */ = {isa = PBXBuildFile; fileRef = A7AAA74B1636998E00B3574D /* UIViewAdditions.m */; };
		A7AAA75B16369D1100B3574D /* EventDataSqlite.m in Sources */ = {isa = PBXBuildFile; fileRef = A7AAA75A16369D1100B3574D /* EventDataSqlite.m */; };
		A7AAA75F16369E4D00B3574D /* EventCellView.m in Sources */ = {isa = PBXBuildFile; fileRef = A7AAA75E16369E4D00B3574D /* EventCellView.m */; };
		A7AAA7691636B0A100B3574D /* EventsList.sqlite in Resources */ = {isa = PBXBuildFile; fileRef = A7AAA7681636B0A100B3574D /* EventsList.sqlite */; };
		A7CD1746163A769D00D14B84 /* DatePickerView.m in Sources */ = {isa = PBXBuildFile; fileRef = A7CD1744163A769D00D14B84 /* DatePickerView.m */; };
		A7CD1747163A769D00D14B84 /* DatePickerView.xib in Resources */ = {isa = PBXBuildFile; fileRef = A7CD1745163A769D00D14B84 /* DatePickerView.xib */; };
		A7E6C1061639273300A27AE4 /* BNEventListController.m in Sources */ = {isa = PBXBuildFile; fileRef = A7E6C1041639273300A27AE4 /* BNEventListController.m */; };
		A7E6C1071639273300A27AE4 /* BNEventListController.xib in Resources */ = {isa = PBXBuildFile; fileRef = A7E6C1051639273300A27AE4 /* BNEventListController.xib */; };
		A7E6C10F16392AAD00A27AE4 /* BNEventEditorController.m in Sources */ = {isa = PBXBuildFile; fileRef = A7E6C10D16392AAD00A27AE4 /* BNEventEditorController.m */; };
		A7E6C11216392ADA00A27AE4 /* BNEventEditorController.xib in Resources */ = {isa = PBXBuildFile; fileRef = A7E6C11116392ADA00A27AE4 /* BNEventEditorController.xib */; };
		A7EBD3BB163696AC002F7179 /* Calendar-Info.plist in Resources */ = {isa = PBXBuildFile; fileRef = A7EBD3B8163696AC002F7179 /* Calendar-Info.plist */; };
		A7EBD3BC163696AC002F7179 /* main.m in Sources */ = {isa = PBXBuildFile; fileRef = A7EBD3BA163696AC002F7179 /* main.m */; };
		A7EBD3C3163696D9002F7179 /* InfoPlist.strings in Resources */ = {isa = PBXBuildFile; fileRef = A7EBD3C1163696D9002F7179 /* InfoPlist.strings */; };
		B995CC5A16345C5C0015E69D /* UIKit.framework in Frameworks */ = {isa = PBXBuildFile; fileRef = B995CC5916345C5C0015E69D /* UIKit.framework */; };
		B995CC5C16345C5C0015E69D /* Foundation.framework in Frameworks */ = {isa = PBXBuildFile; fileRef = B995CC5B16345C5C0015E69D /* Foundation.framework */; };
		B995CC5E16345C5C0015E69D /* CoreGraphics.framework in Frameworks */ = {isa = PBXBuildFile; fileRef = B995CC5D16345C5C0015E69D /* CoreGraphics.framework */; };
		B995CC7E16345D360015E69D /* BNAppDelegate.m in Sources */ = {isa = PBXBuildFile; fileRef = B995CC7116345D360015E69D /* BNAppDelegate.m */; };
		B995CC8716345DA40015E69D /* BNCalendarController.m in Sources */ = {isa = PBXBuildFile; fileRef = B995CC8616345DA40015E69D /* BNCalendarController.m */; };
		B995CC9016345E1A0015E69D /* BNEventEntity.m in Sources */ = {isa = PBXBuildFile; fileRef = B995CC8F16345E1A0015E69D /* BNEventEntity.m */; };
		B995CC9316345E680015E69D /* BNEventCell.m in Sources */ = {isa = PBXBuildFile; fileRef = B995CC9216345E680015E69D /* BNEventCell.m */; };
		B995CC9F16345EDA0015E69D /* FMDatabase.m in Sources */ = {isa = PBXBuildFile; fileRef = B995CC9616345EDA0015E69D /* FMDatabase.m */; };
		B995CCA016345EDA0015E69D /* FMDatabaseAdditions.m in Sources */ = {isa = PBXBuildFile; fileRef = B995CC9816345EDA0015E69D /* FMDatabaseAdditions.m */; };
		B995CCA116345EDA0015E69D /* FMDatabasePool.m in Sources */ = {isa = PBXBuildFile; fileRef = B995CC9A16345EDA0015E69D /* FMDatabasePool.m */; };
		B995CCA216345EDA0015E69D /* FMDatabaseQueue.m in Sources */ = {isa = PBXBuildFile; fileRef = B995CC9C16345EDA0015E69D /* FMDatabaseQueue.m */; };
		B995CCA316345EDA0015E69D /* FMResultSet.m in Sources */ = {isa = PBXBuildFile; fileRef = B995CC9E16345EDA0015E69D /* FMResultSet.m */; };
		B995CCA516345F060015E69D /* libsqlite3.dylib in Frameworks */ = {isa = PBXBuildFile; fileRef = B995CCA416345F060015E69D /* libsqlite3.dylib */; };
		B995CCA916345F770015E69D /* BNUtility.m in Sources */ = {isa = PBXBuildFile; fileRef = B995CCA816345F770015E69D /* BNUtility.m */; };
		B995CCAC16345F880015E69D /* BNGlobal.m in Sources */ = {isa = PBXBuildFile; fileRef = B995CCAB16345F880015E69D /* BNGlobal.m */; };
/* End PBXBuildFile section */

/* Begin PBXFileReference section */
		A7AAA7331636998E00B3574D /* Kal.bundle */ = {isa = PBXFileReference; lastKnownFileType = "wrapper.plug-in"; path = Kal.bundle; sourceTree = "<group>"; };
		A7AAA7341636998E00B3574D /* Kal.h */ = {isa = PBXFileReference; fileEncoding = 4; lastKnownFileType = sourcecode.c.h; path = Kal.h; sourceTree = "<group>"; };
		A7AAA7351636998E00B3574D /* KalDataSource.h */ = {isa = PBXFileReference; fileEncoding = 4; lastKnownFileType = sourcecode.c.h; path = KalDataSource.h; sourceTree = "<group>"; };
		A7AAA7361636998E00B3574D /* KalDataSource.m */ = {isa = PBXFileReference; fileEncoding = 4; lastKnownFileType = sourcecode.c.objc; path = KalDataSource.m; sourceTree = "<group>"; };
		A7AAA7371636998E00B3574D /* KalDate.h */ = {isa = PBXFileReference; fileEncoding = 4; lastKnownFileType = sourcecode.c.h; path = KalDate.h; sourceTree = "<group>"; };
		A7AAA7381636998E00B3574D /* KalDate.m */ = {isa = PBXFileReference; fileEncoding = 4; lastKnownFileType = sourcecode.c.objc; path = KalDate.m; sourceTree = "<group>"; };
		A7AAA7391636998E00B3574D /* KalGridView.h */ = {isa = PBXFileReference; fileEncoding = 4; lastKnownFileType = sourcecode.c.h; path = KalGridView.h; sourceTree = "<group>"; };
		A7AAA73A1636998E00B3574D /* KalGridView.m */ = {isa = PBXFileReference; fileEncoding = 4; lastKnownFileType = sourcecode.c.objc; path = KalGridView.m; sourceTree = "<group>"; };
		A7AAA73B1636998E00B3574D /* KalLogic.h */ = {isa = PBXFileReference; fileEncoding = 4; lastKnownFileType = sourcecode.c.h; path = KalLogic.h; sourceTree = "<group>"; };
		A7AAA73C1636998E00B3574D /* KalLogic.m */ = {isa = PBXFileReference; fileEncoding = 4; lastKnownFileType = sourcecode.c.objc; path = KalLogic.m; sourceTree = "<group>"; };
		A7AAA73D1636998E00B3574D /* KalMonthView.h */ = {isa = PBXFileReference; fileEncoding = 4; lastKnownFileType = sourcecode.c.h; path = KalMonthView.h; sourceTree = "<group>"; };
		A7AAA73E1636998E00B3574D /* KalMonthView.m */ = {isa = PBXFileReference; fileEncoding = 4; lastKnownFileType = sourcecode.c.objc; path = KalMonthView.m; sourceTree = "<group>"; };
		A7AAA73F1636998E00B3574D /* KalPrivate.h */ = {isa = PBXFileReference; fileEncoding = 4; lastKnownFileType = sourcecode.c.h; path = KalPrivate.h; sourceTree = "<group>"; };
		A7AAA7401636998E00B3574D /* KalTileView.h */ = {isa = PBXFileReference; fileEncoding = 4; lastKnownFileType = sourcecode.c.h; path = KalTileView.h; sourceTree = "<group>"; };
		A7AAA7411636998E00B3574D /* KalTileView.m */ = {isa = PBXFileReference; fileEncoding = 4; lastKnownFileType = sourcecode.c.objc; path = KalTileView.m; sourceTree = "<group>"; };
		A7AAA7421636998E00B3574D /* KalView.h */ = {isa = PBXFileReference; fileEncoding = 4; lastKnownFileType = sourcecode.c.h; path = KalView.h; sourceTree = "<group>"; };
		A7AAA7431636998E00B3574D /* KalView.m */ = {isa = PBXFileReference; fileEncoding = 4; lastKnownFileType = sourcecode.c.objc; path = KalView.m; sourceTree = "<group>"; };
		A7AAA7441636998E00B3574D /* KalViewController.h */ = {isa = PBXFileReference; fileEncoding = 4; lastKnownFileType = sourcecode.c.h; path = KalViewController.h; sourceTree = "<group>"; };
		A7AAA7451636998E00B3574D /* KalViewController.m */ = {isa = PBXFileReference; fileEncoding = 4; lastKnownFileType = sourcecode.c.objc; path = KalViewController.m; sourceTree = "<group>"; };
		A7AAA7481636998E00B3574D /* NSDateAdditions.h */ = {isa = PBXFileReference; fileEncoding = 4; lastKnownFileType = sourcecode.c.h; path = NSDateAdditions.h; sourceTree = "<group>"; };
		A7AAA7491636998E00B3574D /* NSDateAdditions.m */ = {isa = PBXFileReference; fileEncoding = 4; lastKnownFileType = sourcecode.c.objc; path = NSDateAdditions.m; sourceTree = "<group>"; };
		A7AAA74A1636998E00B3574D /* UIViewAdditions.h */ = {isa = PBXFileReference; fileEncoding = 4; lastKnownFileType = sourcecode.c.h; path = UIViewAdditions.h; sourceTree = "<group>"; };
		A7AAA74B1636998E00B3574D /* UIViewAdditions.m */ = {isa = PBXFileReference; fileEncoding = 4; lastKnownFileType = sourcecode.c.objc; path = UIViewAdditions.m; sourceTree = "<group>"; };
		A7AAA75916369D1100B3574D /* EventDataSqlite.h */ = {isa = PBXFileReference; fileEncoding = 4; lastKnownFileType = sourcecode.c.h; path = EventDataSqlite.h; sourceTree = "<group>"; };
		A7AAA75A16369D1100B3574D /* EventDataSqlite.m */ = {isa = PBXFileReference; fileEncoding = 4; lastKnownFileType = sourcecode.c.objc; path = EventDataSqlite.m; sourceTree = "<group>"; };
		A7AAA75D16369E4D00B3574D /* EventCellView.h */ = {isa = PBXFileReference; fileEncoding = 4; lastKnownFileType = sourcecode.c.h; path = EventCellView.h; sourceTree = "<group>"; };
		A7AAA75E16369E4D00B3574D /* EventCellView.m */ = {isa = PBXFileReference; fileEncoding = 4; lastKnownFileType = sourcecode.c.objc; path = EventCellView.m; sourceTree = "<group>"; };
		A7AAA7681636B0A100B3574D /* EventsList.sqlite */ = {isa = PBXFileReference; lastKnownFileType = file; name = EventsList.sqlite; path = Calendar/EventsList.sqlite; sourceTree = SOURCE_ROOT; };
		A7CD1743163A769D00D14B84 /* DatePickerView.h */ = {isa = PBXFileReference; fileEncoding = 4; lastKnownFileType = sourcecode.c.h; path = DatePickerView.h; sourceTree = "<group>"; };
		A7CD1744163A769D00D14B84 /* DatePickerView.m */ = {isa = PBXFileReference; fileEncoding = 4; lastKnownFileType = sourcecode.c.objc; path = DatePickerView.m; sourceTree = "<group>"; };
		A7CD1745163A769D00D14B84 /* DatePickerView.xib */ = {isa = PBXFileReference; fileEncoding = 4; lastKnownFileType = file.xib; path = DatePickerView.xib; sourceTree = "<group>"; };
		A7E6C1031639273300A27AE4 /* BNEventListController.h */ = {isa = PBXFileReference; fileEncoding = 4; lastKnownFileType = sourcecode.c.h; name = BNEventListController.h; path = ../../../BNEventListController.h; sourceTree = "<group>"; };
		A7E6C1041639273300A27AE4 /* BNEventListController.m */ = {isa = PBXFileReference; fileEncoding = 4; lastKnownFileType = sourcecode.c.objc; name = BNEventListController.m; path = ../../../BNEventListController.m; sourceTree = "<group>"; };
		A7E6C1051639273300A27AE4 /* BNEventListController.xib */ = {isa = PBXFileReference; fileEncoding = 4; lastKnownFileType = file.xib; name = BNEventListController.xib; path = ../../../BNEventListController.xib; sourceTree = "<group>"; };
		A7E6C10C16392AAD00A27AE4 /* BNEventEditorController.h */ = {isa = PBXFileReference; fileEncoding = 4; lastKnownFileType = sourcecode.c.h; path = BNEventEditorController.h; sourceTree = "<group>"; };
		A7E6C10D16392AAD00A27AE4 /* BNEventEditorController.m */ = {isa = PBXFileReference; fileEncoding = 4; lastKnownFileType = sourcecode.c.objc; path = BNEventEditorController.m; sourceTree = "<group>"; };
		A7E6C11116392ADA00A27AE4 /* BNEventEditorController.xib */ = {isa = PBXFileReference; fileEncoding = 4; lastKnownFileType = file.xib; name = BNEventEditorController.xib; path = Calendar/Classes/Controllers/BNEventEditorController.xib; sourceTree = SOURCE_ROOT; };
		A7EBD3B8163696AC002F7179 /* Calendar-Info.plist */ = {isa = PBXFileReference; fileEncoding = 4; lastKnownFileType = text.plist.xml; name = "Calendar-Info.plist"; path = "Calendar/Calendar-Info.plist"; sourceTree = SOURCE_ROOT; };
		A7EBD3B9163696AC002F7179 /* Calendar-Prefix.pch */ = {isa = PBXFileReference; fileEncoding = 4; lastKnownFileType = sourcecode.c.h; name = "Calendar-Prefix.pch"; path = "Calendar/Calendar-Prefix.pch"; sourceTree = SOURCE_ROOT; };
		A7EBD3BA163696AC002F7179 /* main.m */ = {isa = PBXFileReference; fileEncoding = 4; lastKnownFileType = sourcecode.c.objc; name = main.m; path = Calendar/main.m; sourceTree = SOURCE_ROOT; };
		A7EBD3C2163696D9002F7179 /* en */ = {isa = PBXFileReference; lastKnownFileType = text.plist.strings; name = en; path = InfoPlist.strings; sourceTree = "<group>"; };
		B995CC5516345C5C0015E69D /* Calendar.app */ = {isa = PBXFileReference; explicitFileType = wrapper.application; includeInIndex = 0; path = Calendar.app; sourceTree = BUILT_PRODUCTS_DIR; };
		B995CC5916345C5C0015E69D /* UIKit.framework */ = {isa = PBXFileReference; lastKnownFileType = wrapper.framework; name = UIKit.framework; path = System/Library/Frameworks/UIKit.framework; sourceTree = SDKROOT; };
		B995CC5B16345C5C0015E69D /* Foundation.framework */ = {isa = PBXFileReference; lastKnownFileType = wrapper.framework; name = Foundation.framework; path = System/Library/Frameworks/Foundation.framework; sourceTree = SDKROOT; };
		B995CC5D16345C5C0015E69D /* CoreGraphics.framework */ = {isa = PBXFileReference; lastKnownFileType = wrapper.framework; name = CoreGraphics.framework; path = System/Library/Frameworks/CoreGraphics.framework; sourceTree = SDKROOT; };
		B995CC7016345D360015E69D /* BNAppDelegate.h */ = {isa = PBXFileReference; fileEncoding = 4; lastKnownFileType = sourcecode.c.h; name = BNAppDelegate.h; path = Calendar/BNAppDelegate.h; sourceTree = "<group>"; };
		B995CC7116345D360015E69D /* BNAppDelegate.m */ = {isa = PBXFileReference; fileEncoding = 4; lastKnownFileType = sourcecode.c.objc; name = BNAppDelegate.m; path = Calendar/BNAppDelegate.m; sourceTree = "<group>"; };
		B995CC8516345DA40015E69D /* BNCalendarController.h */ = {isa = PBXFileReference; fileEncoding = 4; lastKnownFileType = sourcecode.c.h; path = BNCalendarController.h; sourceTree = "<group>"; };
		B995CC8616345DA40015E69D /* BNCalendarController.m */ = {isa = PBXFileReference; fileEncoding = 4; lastKnownFileType = sourcecode.c.objc; path = BNCalendarController.m; sourceTree = "<group>"; };
		B995CC8E16345E1A0015E69D /* BNEventEntity.h */ = {isa = PBXFileReference; fileEncoding = 4; lastKnownFileType = sourcecode.c.h; path = BNEventEntity.h; sourceTree = "<group>"; };
		B995CC8F16345E1A0015E69D /* BNEventEntity.m */ = {isa = PBXFileReference; fileEncoding = 4; lastKnownFileType = sourcecode.c.objc; path = BNEventEntity.m; sourceTree = "<group>"; };
		B995CC9116345E680015E69D /* BNEventCell.h */ = {isa = PBXFileReference; fileEncoding = 4; lastKnownFileType = sourcecode.c.h; path = BNEventCell.h; sourceTree = "<group>"; };
		B995CC9216345E680015E69D /* BNEventCell.m */ = {isa = PBXFileReference; fileEncoding = 4; lastKnownFileType = sourcecode.c.objc; path = BNEventCell.m; sourceTree = "<group>"; };
		B995CC9516345EDA0015E69D /* FMDatabase.h */ = {isa = PBXFileReference; fileEncoding = 4; lastKnownFileType = sourcecode.c.h; path = FMDatabase.h; sourceTree = "<group>"; };
		B995CC9616345EDA0015E69D /* FMDatabase.m */ = {isa = PBXFileReference; fileEncoding = 4; lastKnownFileType = sourcecode.c.objc; path = FMDatabase.m; sourceTree = "<group>"; };
		B995CC9716345EDA0015E69D /* FMDatabaseAdditions.h */ = {isa = PBXFileReference; fileEncoding = 4; lastKnownFileType = sourcecode.c.h; path = FMDatabaseAdditions.h; sourceTree = "<group>"; };
		B995CC9816345EDA0015E69D /* FMDatabaseAdditions.m */ = {isa = PBXFileReference; fileEncoding = 4; lastKnownFileType = sourcecode.c.objc; path = FMDatabaseAdditions.m; sourceTree = "<group>"; };
		B995CC9916345EDA0015E69D /* FMDatabasePool.h */ = {isa = PBXFileReference; fileEncoding = 4; lastKnownFileType = sourcecode.c.h; path = FMDatabasePool.h; sourceTree = "<group>"; };
		B995CC9A16345EDA0015E69D /* FMDatabasePool.m */ = {isa = PBXFileReference; fileEncoding = 4; lastKnownFileType = sourcecode.c.objc; path = FMDatabasePool.m; sourceTree = "<group>"; };
		B995CC9B16345EDA0015E69D /* FMDatabaseQueue.h */ = {isa = PBXFileReference; fileEncoding = 4; lastKnownFileType = sourcecode.c.h; path = FMDatabaseQueue.h; sourceTree = "<group>"; };
		B995CC9C16345EDA0015E69D /* FMDatabaseQueue.m */ = {isa = PBXFileReference; fileEncoding = 4; lastKnownFileType = sourcecode.c.objc; path = FMDatabaseQueue.m; sourceTree = "<group>"; };
		B995CC9D16345EDA0015E69D /* FMResultSet.h */ = {isa = PBXFileReference; fileEncoding = 4; lastKnownFileType = sourcecode.c.h; path = FMResultSet.h; sourceTree = "<group>"; };
		B995CC9E16345EDA0015E69D /* FMResultSet.m */ = {isa = PBXFileReference; fileEncoding = 4; lastKnownFileType = sourcecode.c.objc; path = FMResultSet.m; sourceTree = "<group>"; };
		B995CCA416345F060015E69D /* libsqlite3.dylib */ = {isa = PBXFileReference; lastKnownFileType = "compiled.mach-o.dylib"; name = libsqlite3.dylib; path = usr/lib/libsqlite3.dylib; sourceTree = SDKROOT; };
		B995CCA716345F770015E69D /* BNUtility.h */ = {isa = PBXFileReference; fileEncoding = 4; lastKnownFileType = sourcecode.c.h; path = BNUtility.h; sourceTree = "<group>"; };
		B995CCA816345F770015E69D /* BNUtility.m */ = {isa = PBXFileReference; fileEncoding = 4; lastKnownFileType = sourcecode.c.objc; path = BNUtility.m; sourceTree = "<group>"; };
		B995CCAA16345F880015E69D /* BNGlobal.h */ = {isa = PBXFileReference; fileEncoding = 4; lastKnownFileType = sourcecode.c.h; path = BNGlobal.h; sourceTree = "<group>"; };
		B995CCAB16345F880015E69D /* BNGlobal.m */ = {isa = PBXFileReference; fileEncoding = 4; lastKnownFileType = sourcecode.c.objc; path = BNGlobal.m; sourceTree = "<group>"; };
/* End PBXFileReference section */

/* Begin PBXFrameworksBuildPhase section */
		B995CC5216345C5C0015E69D /* Frameworks */ = {
			isa = PBXFrameworksBuildPhase;
			buildActionMask = 2147483647;
			files = (
				B995CCA516345F060015E69D /* libsqlite3.dylib in Frameworks */,
				B995CC5A16345C5C0015E69D /* UIKit.framework in Frameworks */,
				B995CC5C16345C5C0015E69D /* Foundation.framework in Frameworks */,
				B995CC5E16345C5C0015E69D /* CoreGraphics.framework in Frameworks */,
			);
			runOnlyForDeploymentPostprocessing = 0;
		};
/* End PBXFrameworksBuildPhase section */

/* Begin PBXGroup section */
		A7AAA7311636996100B3574D /* Kal */ = {
			isa = PBXGroup;
			children = (
				A7AAA7331636998E00B3574D /* Kal.bundle */,
				A7AAA7341636998E00B3574D /* Kal.h */,
				A7AAA7351636998E00B3574D /* KalDataSource.h */,
				A7AAA7361636998E00B3574D /* KalDataSource.m */,
				A7AAA7371636998E00B3574D /* KalDate.h */,
				A7AAA7381636998E00B3574D /* KalDate.m */,
				A7AAA7391636998E00B3574D /* KalGridView.h */,
				A7AAA73A1636998E00B3574D /* KalGridView.m */,
				A7AAA73B1636998E00B3574D /* KalLogic.h */,
				A7AAA73C1636998E00B3574D /* KalLogic.m */,
				A7AAA73D1636998E00B3574D /* KalMonthView.h */,
				A7AAA73E1636998E00B3574D /* KalMonthView.m */,
				A7AAA73F1636998E00B3574D /* KalPrivate.h */,
				A7AAA7401636998E00B3574D /* KalTileView.h */,
				A7AAA7411636998E00B3574D /* KalTileView.m */,
				A7AAA7421636998E00B3574D /* KalView.h */,
				A7AAA7431636998E00B3574D /* KalView.m */,
				A7AAA7441636998E00B3574D /* KalViewController.h */,
				A7AAA7451636998E00B3574D /* KalViewController.m */,
				A7AAA7481636998E00B3574D /* NSDateAdditions.h */,
				A7AAA7491636998E00B3574D /* NSDateAdditions.m */,
				A7AAA74A1636998E00B3574D /* UIViewAdditions.h */,
				A7AAA74B1636998E00B3574D /* UIViewAdditions.m */,
			);
			name = Kal;
			sourceTree = "<group>";
		};
		A7EBD3C0163696D9002F7179 /* en.lproj */ = {
			isa = PBXGroup;
			children = (
				A7EBD3C1163696D9002F7179 /* InfoPlist.strings */,
			);
			name = en.lproj;
			path = Calendar/en.lproj;
			sourceTree = SOURCE_ROOT;
		};
		B995CC4A16345C5B0015E69D = {
			isa = PBXGroup;
			children = (
				B995CCA416345F060015E69D /* libsqlite3.dylib */,
				B995CC7016345D360015E69D /* BNAppDelegate.h */,
				B995CC7116345D360015E69D /* BNAppDelegate.m */,
				B995CC7416345D360015E69D /* Classes */,
				B995CC7B16345D360015E69D /* Libraries */,
				B995CC7D16345D360015E69D /* Resources */,
				B995CC5816345C5C0015E69D /* Frameworks */,
				B995CC5616345C5C0015E69D /* Products */,
			);
			sourceTree = "<group>";
		};
		B995CC5616345C5C0015E69D /* Products */ = {
			isa = PBXGroup;
			children = (
				B995CC5516345C5C0015E69D /* Calendar.app */,
			);
			name = Products;
			sourceTree = "<group>";
		};
		B995CC5816345C5C0015E69D /* Frameworks */ = {
			isa = PBXGroup;
			children = (
				B995CC5916345C5C0015E69D /* UIKit.framework */,
				B995CC5B16345C5C0015E69D /* Foundation.framework */,
				B995CC5D16345C5C0015E69D /* CoreGraphics.framework */,
			);
			name = Frameworks;
			sourceTree = "<group>";
		};
		B995CC7416345D360015E69D /* Classes */ = {
			isa = PBXGroup;
			children = (
				B995CCA616345F5E0015E69D /* Common */,
				B995CC7516345D360015E69D /* Controllers */,
				B995CC7616345D360015E69D /* Entities */,
				B995CC7716345D360015E69D /* Views */,
			);
			name = Classes;
			path = Calendar/Classes;
			sourceTree = "<group>";
		};
		B995CC7516345D360015E69D /* Controllers */ = {
			isa = PBXGroup;
			children = (
				A7AAA75916369D1100B3574D /* EventDataSqlite.h */,
				A7AAA75A16369D1100B3574D /* EventDataSqlite.m */,
				B995CC8516345DA40015E69D /* BNCalendarController.h */,
				B995CC8616345DA40015E69D /* BNCalendarController.m */,
				A7E6C1031639273300A27AE4 /* BNEventListController.h */,
				A7E6C1041639273300A27AE4 /* BNEventListController.m */,
				A7E6C10C16392AAD00A27AE4 /* BNEventEditorController.h */,
				A7E6C10D16392AAD00A27AE4 /* BNEventEditorController.m */,
				A7CD1743163A769D00D14B84 /* DatePickerView.h */,
				A7CD1744163A769D00D14B84 /* DatePickerView.m */,
				A7CD1745163A769D00D14B84 /* DatePickerView.xib */,
				A7E6C1051639273300A27AE4 /* BNEventListController.xib */,
				A7E6C11116392ADA00A27AE4 /* BNEventEditorController.xib */,
			);
			path = Controllers;
			sourceTree = "<group>";
		};
		B995CC7616345D360015E69D /* Entities */ = {
			isa = PBXGroup;
			children = (
				B995CC8E16345E1A0015E69D /* BNEventEntity.h */,
				B995CC8F16345E1A0015E69D /* BNEventEntity.m */,
			);
			path = Entities;
			sourceTree = "<group>";
		};
		B995CC7716345D360015E69D /* Views */ = {
			isa = PBXGroup;
			children = (
				A7AAA75D16369E4D00B3574D /* EventCellView.h */,
				A7AAA75E16369E4D00B3574D /* EventCellView.m */,
				B995CC9116345E680015E69D /* BNEventCell.h */,
				B995CC9216345E680015E69D /* BNEventCell.m */,
			);
			path = Views;
			sourceTree = "<group>";
		};
		B995CC7B16345D360015E69D /* Libraries */ = {
			isa = PBXGroup;
			children = (
				A7AAA7311636996100B3574D /* Kal */,
				B995CC9416345EDA0015E69D /* FMDB */,
			);
			name = Libraries;
			path = Calendar/Libraries;
			sourceTree = "<group>";
		};
		B995CC7D16345D360015E69D /* Resources */ = {
			isa = PBXGroup;
			children = (
				A7AAA7681636B0A100B3574D /* EventsList.sqlite */,
				B995CC8416345D680015E69D /* Others */,
				B995CC8216345D640015E69D /* Images */,
				B995CC8316345D640015E69D /* Nibs */,
			);
			name = Resources;
			path = Calendar/Resources;
			sourceTree = "<group>";
		};
		B995CC8216345D640015E69D /* Images */ = {
			isa = PBXGroup;
			children = (
			);
			path = Images;
			sourceTree = "<group>";
		};
		B995CC8316345D640015E69D /* Nibs */ = {
			isa = PBXGroup;
			children = (
			);
			path = Nibs;
			sourceTree = "<group>";
		};
		B995CC8416345D680015E69D /* Others */ = {
			isa = PBXGroup;
			children = (
				A7EBD3C0163696D9002F7179 /* en.lproj */,
				A7EBD3B8163696AC002F7179 /* Calendar-Info.plist */,
				A7EBD3B9163696AC002F7179 /* Calendar-Prefix.pch */,
				A7EBD3BA163696AC002F7179 /* main.m */,
			);
			name = Others;
			sourceTree = "<group>";
		};
		B995CC9416345EDA0015E69D /* FMDB */ = {
			isa = PBXGroup;
			children = (
				B995CC9516345EDA0015E69D /* FMDatabase.h */,
				B995CC9616345EDA0015E69D /* FMDatabase.m */,
				B995CC9716345EDA0015E69D /* FMDatabaseAdditions.h */,
				B995CC9816345EDA0015E69D /* FMDatabaseAdditions.m */,
				B995CC9916345EDA0015E69D /* FMDatabasePool.h */,
				B995CC9A16345EDA0015E69D /* FMDatabasePool.m */,
				B995CC9B16345EDA0015E69D /* FMDatabaseQueue.h */,
				B995CC9C16345EDA0015E69D /* FMDatabaseQueue.m */,
				B995CC9D16345EDA0015E69D /* FMResultSet.h */,
				B995CC9E16345EDA0015E69D /* FMResultSet.m */,
			);
			path = FMDB;
			sourceTree = "<group>";
		};
		B995CCA616345F5E0015E69D /* Common */ = {
			isa = PBXGroup;
			children = (
				B995CCAA16345F880015E69D /* BNGlobal.h */,
				B995CCAB16345F880015E69D /* BNGlobal.m */,
				B995CCA716345F770015E69D /* BNUtility.h */,
				B995CCA816345F770015E69D /* BNUtility.m */,
			);
			path = Common;
			sourceTree = "<group>";
		};
/* End PBXGroup section */

/* Begin PBXNativeTarget section */
		B995CC5416345C5C0015E69D /* Calendar */ = {
			isa = PBXNativeTarget;
			buildConfigurationList = B995CC6D16345C5C0015E69D /* Build configuration list for PBXNativeTarget "Calendar" */;
			buildPhases = (
				B995CC5116345C5C0015E69D /* Sources */,
				B995CC5216345C5C0015E69D /* Frameworks */,
				B995CC5316345C5C0015E69D /* Resources */,
			);
			buildRules = (
			);
			dependencies = (
			);
			name = Calendar;
			productName = Calendar;
			productReference = B995CC5516345C5C0015E69D /* Calendar.app */;
			productType = "com.apple.product-type.application";
		};
/* End PBXNativeTarget section */

/* Begin PBXProject section */
		B995CC4C16345C5C0015E69D /* Project object */ = {
			isa = PBXProject;
			attributes = {
				CLASSPREFIX = BN;
				LastUpgradeCheck = 0430;
				ORGANIZATIONNAME = WD;
			};
			buildConfigurationList = B995CC4F16345C5C0015E69D /* Build configuration list for PBXProject "Calendar" */;
			compatibilityVersion = "Xcode 3.2";
			developmentRegion = English;
			hasScannedForEncodings = 0;
			knownRegions = (
				en,
			);
			mainGroup = B995CC4A16345C5B0015E69D;
			productRefGroup = B995CC5616345C5C0015E69D /* Products */;
			projectDirPath = "";
			projectRoot = "";
			targets = (
				B995CC5416345C5C0015E69D /* Calendar */,
			);
		};
/* End PBXProject section */

/* Begin PBXResourcesBuildPhase section */
		B995CC5316345C5C0015E69D /* Resources */ = {
			isa = PBXResourcesBuildPhase;
			buildActionMask = 2147483647;
			files = (
				A7EBD3BB163696AC002F7179 /* Calendar-Info.plist in Resources */,
				A7EBD3C3163696D9002F7179 /* InfoPlist.strings in Resources */,
				A7AAA74C1636998E00B3574D /* Kal.bundle in Resources */,
				A7AAA7691636B0A100B3574D /* EventsList.sqlite in Resources */,
				A7E6C1071639273300A27AE4 /* BNEventListController.xib in Resources */,
				A7E6C11216392ADA00A27AE4 /* BNEventEditorController.xib in Resources */,
				A7CD1747163A769D00D14B84 /* DatePickerView.xib in Resources */,
			);
			runOnlyForDeploymentPostprocessing = 0;
		};
/* End PBXResourcesBuildPhase section */

/* Begin PBXSourcesBuildPhase section */
		B995CC5116345C5C0015E69D /* Sources */ = {
			isa = PBXSourcesBuildPhase;
			buildActionMask = 2147483647;
			files = (
				B995CC7E16345D360015E69D /* BNAppDelegate.m in Sources */,
				B995CC8716345DA40015E69D /* BNCalendarController.m in Sources */,
				B995CC9016345E1A0015E69D /* BNEventEntity.m in Sources */,
				B995CC9316345E680015E69D /* BNEventCell.m in Sources */,
				B995CC9F16345EDA0015E69D /* FMDatabase.m in Sources */,
				B995CCA016345EDA0015E69D /* FMDatabaseAdditions.m in Sources */,
				B995CCA116345EDA0015E69D /* FMDatabasePool.m in Sources */,
				B995CCA216345EDA0015E69D /* FMDatabaseQueue.m in Sources */,
				B995CCA316345EDA0015E69D /* FMResultSet.m in Sources */,
				B995CCA916345F770015E69D /* BNUtility.m in Sources */,
				B995CCAC16345F880015E69D /* BNGlobal.m in Sources */,
				A7EBD3BC163696AC002F7179 /* main.m in Sources */,
				A7AAA74D1636998E00B3574D /* KalDataSource.m in Sources */,
				A7AAA74E1636998E00B3574D /* KalDate.m in Sources */,
				A7AAA74F1636998E00B3574D /* KalGridView.m in Sources */,
				A7AAA7501636998E00B3574D /* KalLogic.m in Sources */,
				A7AAA7511636998E00B3574D /* KalMonthView.m in Sources */,
				A7AAA7521636998E00B3574D /* KalTileView.m in Sources */,
				A7AAA7531636998E00B3574D /* KalView.m in Sources */,
				A7AAA7541636998E00B3574D /* KalViewController.m in Sources */,
				A7AAA7571636998E00B3574D /* NSDateAdditions.m in Sources */,
				A7AAA7581636998E00B3574D /* UIViewAdditions.m in Sources */,
				A7AAA75B16369D1100B3574D /* EventDataSqlite.m in Sources */,
				A7AAA75F16369E4D00B3574D /* EventCellView.m in Sources */,
				A7E6C1061639273300A27AE4 /* BNEventListController.m in Sources */,
				A7E6C10F16392AAD00A27AE4 /* BNEventEditorController.m in Sources */,
				A7CD1746163A769D00D14B84 /* DatePickerView.m in Sources */,
			);
			runOnlyForDeploymentPostprocessing = 0;
		};
/* End PBXSourcesBuildPhase section */

/* Begin PBXVariantGroup section */
		A7EBD3C1163696D9002F7179 /* InfoPlist.strings */ = {
			isa = PBXVariantGroup;
			children = (
				A7EBD3C2163696D9002F7179 /* en */,
			);
			name = InfoPlist.strings;
			sourceTree = "<group>";
		};
/* End PBXVariantGroup section */

/* Begin XCBuildConfiguration section */
		B995CC6B16345C5C0015E69D /* Debug */ = {
			isa = XCBuildConfiguration;
			buildSettings = {
				ALWAYS_SEARCH_USER_PATHS = NO;
				ARCHS = "$(ARCHS_STANDARD_32_BIT)";
				"CODE_SIGN_IDENTITY[sdk=iphoneos*]" = "iPhone Developer";
				COPY_PHASE_STRIP = NO;
				GCC_C_LANGUAGE_STANDARD = gnu99;
				GCC_DYNAMIC_NO_PIC = NO;
				GCC_OPTIMIZATION_LEVEL = 0;
				GCC_PREPROCESSOR_DEFINITIONS = (
					"DEBUG=1",
					"$(inherited)",
				);
				GCC_SYMBOLS_PRIVATE_EXTERN = NO;
				GCC_VERSION = com.apple.compilers.llvm.clang.1_0;
				GCC_WARN_ABOUT_RETURN_TYPE = YES;
				GCC_WARN_UNINITIALIZED_AUTOS = YES;
				GCC_WARN_UNUSED_VARIABLE = YES;
				IPHONEOS_DEPLOYMENT_TARGET = 5.1;
				SDKROOT = iphoneos;
			};
			name = Debug;
		};
		B995CC6C16345C5C0015E69D /* Release */ = {
			isa = XCBuildConfiguration;
			buildSettings = {
				ALWAYS_SEARCH_USER_PATHS = NO;
				ARCHS = "$(ARCHS_STANDARD_32_BIT)";
				"CODE_SIGN_IDENTITY[sdk=iphoneos*]" = "iPhone Developer";
				COPY_PHASE_STRIP = YES;
				GCC_C_LANGUAGE_STANDARD = gnu99;
				GCC_VERSION = com.apple.compilers.llvm.clang.1_0;
				GCC_WARN_ABOUT_RETURN_TYPE = YES;
				GCC_WARN_UNINITIALIZED_AUTOS = YES;
				GCC_WARN_UNUSED_VARIABLE = YES;
				IPHONEOS_DEPLOYMENT_TARGET = 5.1;
				OTHER_CFLAGS = "-DNS_BLOCK_ASSERTIONS=1";
				SDKROOT = iphoneos;
				VALIDATE_PRODUCT = YES;
			};
			name = Release;
		};
		B995CC6E16345C5C0015E69D /* Debug */ = {
			isa = XCBuildConfiguration;
			buildSettings = {
				GCC_PRECOMPILE_PREFIX_HEADER = YES;
				GCC_PREFIX_HEADER = "Calendar/Calendar-Prefix.pch";
				INFOPLIST_FILE = "Calendar/Calendar-Info.plist";
				IPHONEOS_DEPLOYMENT_TARGET = 5.0;
				PRODUCT_NAME = "$(TARGET_NAME)";
				WRAPPER_EXTENSION = app;
			};
			name = Debug;
		};
		B995CC6F16345C5C0015E69D /* Release */ = {
			isa = XCBuildConfiguration;
			buildSettings = {
				GCC_PRECOMPILE_PREFIX_HEADER = YES;
				GCC_PREFIX_HEADER = "Calendar/Calendar-Prefix.pch";
				INFOPLIST_FILE = "Calendar/Calendar-Info.plist";
				IPHONEOS_DEPLOYMENT_TARGET = 5.0;
				PRODUCT_NAME = "$(TARGET_NAME)";
				WRAPPER_EXTENSION = app;
			};
			name = Release;
		};
/* End XCBuildConfiguration section */

/* Begin XCConfigurationList section */
		B995CC4F16345C5C0015E69D /* Build configuration list for PBXProject "Calendar" */ = {
			isa = XCConfigurationList;
			buildConfigurations = (
				B995CC6B16345C5C0015E69D /* Debug */,
				B995CC6C16345C5C0015E69D /* Release */,
			);
			defaultConfigurationIsVisible = 0;
			defaultConfigurationName = Release;
		};
		B995CC6D16345C5C0015E69D /* Build configuration list for PBXNativeTarget "Calendar" */ = {
			isa = XCConfigurationList;
			buildConfigurations = (
				B995CC6E16345C5C0015E69D /* Debug */,
				B995CC6F16345C5C0015E69D /* Release */,
			);
			defaultConfigurationIsVisible = 0;
			defaultConfigurationName = Release;
		};
/* End XCConfigurationList section */
	};
	rootObject = B995CC4C16345C5C0015E69D /* Project object */;
}
